<?xml version="1.0" encoding="UTF-8" standalone="yes" ?>
<CodeBlocks_project_file>
	<FileVersion major="1" minor="6" />
	<Project>
		<Option title="rollercoaster" />
		<Option pch_mode="2" />
		<Option compiler="gcc" />
		<Build>
			<Target title="Debug">
				<Option output="bin/Debug/rollercoaster" prefix_auto="1" extension_auto="1" />
				<Option object_output="obj/Debug/" />
				<Option type="1" />
				<Option compiler="gcc" />
				<Compiler>
					<Add option="-g" />
					<Add directory="include" />
				</Compiler>
			</Target>
			<Target title="Release">
				<Option output="bin/Release/rollercoaster" prefix_auto="1" extension_auto="1" />
				<Option object_output="obj/Release/" />
				<Option type="1" />
				<Option compiler="gcc" />
				<Compiler>
					<Add option="-O2" />
					<Add directory="include" />
				</Compiler>
				<Linker>
					<Add option="-s" />
				</Linker>
			</Target>
		</Build>
		<Compiler>
			<Add option="-Wall" />
			<Add option="-fexceptions" />
			<Add option="-DGLEW_STATIC" />
			<Add directory="glm" />
			<Add directory="glfw/include" />
			<Add directory="glew/include" />
			<Add directory="." />
		</Compiler>
		<Linker>
			<Add library="glew\lib\glew32s.lib" />
			<Add library="glfw3" />
			<Add library="opengl32" />
			<Add library="gdi32" />
			<Add library="glu32" />
			<Add directory="glfw/lib" />
			<Add directory="glew/lib" />
		</Linker>
		<Unit filename="Object.cpp" />
		<Unit filename="Object.hpp" />
		<Unit filename="constants.h" />
		<Unit filename="cube.h" />
		<Unit filename="fshader.glsl" />
		<Unit filename="lodepng.cpp" />
		<Unit filename="lodepng.h" />
		<Unit filename="main.cpp" />
		<Unit filename="metal.png" />
		<Unit filename="shaderprogram.cpp" />
		<Unit filename="shaderprogram.hpp" />
		<Unit filename="torus.h" />
		<Unit filename="vshader.glsl" />
		<Extensions>
			<code_completion />
			<envvars />
			<debugger />
		</Extensions>
	</Project>
</CodeBlocks_project_file>
